
Microsoft Visual Studio Solution File, Format Version 12.00
# Visual Studio 15
Project("{FAE04EC0-301F-11D3-BF4B-00C04F79EFBC}") = "Live2D.Cubism", "Live2D.Cubism.csproj", "{8407C31D-642F-ADF1-F297-F9D749D358A4}"
EndProject
Project("{FAE04EC0-301F-11D3-BF4B-00C04F79EFBC}") = "Live2D.Cubism.Editor", "Live2D.Cubism.Editor.csproj", "{345F2B9A-4C99-30C6-D8ED-430355E7344F}"
EndProject
Project("{FAE04EC0-301F-11D3-BF4B-00C04F79EFBC}") = "Assembly-CSharp", "Assembly-CSharp.csproj", "{FE940826-3701-85B3-1AF4-7242E0AE5BA6}"
EndProject
Global
	GlobalSection(SolutionConfigurationPlatforms) = preSolution
		Debug|Any CPU = Debug|Any CPU
		Release|Any CPU = Release|Any CPU
	EndGlobalSection
	GlobalSection(ProjectConfigurationPlatforms) = postSolution
		{8407C31D-642F-ADF1-F297-F9D749D358A4}.Debug|Any CPU.ActiveCfg = Debug|Any CPU
		{8407C31D-642F-ADF1-F297-F9D749D358A4}.Debug|Any CPU.Build.0 = Debug|Any CPU
		{8407C31D-642F-ADF1-F297-F9D749D358A4}.Release|Any CPU.ActiveCfg = Release|Any CPU
		{8407C31D-642F-ADF1-F297-F9D749D358A4}.Release|Any CPU.Build.0 = Release|Any CPU
		{345F2B9A-4C99-30C6-D8ED-430355E7344F}.Debug|Any CPU.ActiveCfg = Debug|Any CPU
		{345F2B9A-4C99-30C6-D8ED-430355E7344F}.Debug|Any CPU.Build.0 = Debug|Any CPU
		{345F2B9A-4C99-30C6-D8ED-430355E7344F}.Release|Any CPU.ActiveCfg = Release|Any CPU
		{345F2B9A-4C99-30C6-D8ED-430355E7344F}.Release|Any CPU.Build.0 = Release|Any CPU
		{FE940826-3701-85B3-1AF4-7242E0AE5BA6}.Debug|Any CPU.ActiveCfg = Debug|Any CPU
		{FE940826-3701-85B3-1AF4-7242E0AE5BA6}.Debug|Any CPU.Build.0 = Debug|Any CPU
		{FE940826-3701-85B3-1AF4-7242E0AE5BA6}.Release|Any CPU.ActiveCfg = Release|Any CPU
		{FE940826-3701-85B3-1AF4-7242E0AE5BA6}.Release|Any CPU.Build.0 = Release|Any CPU
	EndGlobalSection
	GlobalSection(SolutionProperties) = preSolution
		HideSolutionNode = FALSE
	EndGlobalSection
EndGlobal
